
Microsoft Visual Studio Solution File, Format Version 12.00
# Visual Studio 15
Project("{FAE04EC0-301F-11D3-BF4B-00C04F79EFBC}") = "laba16", "laba16\laba16.csproj", "{0213A268-A1DA-46B3-9EA3-66F033F86F7F}"
EndProject
Global
	GlobalSection(SolutionConfigurationPlatforms) = preSolution
		Debug|Any CPU = Debug|Any CPU
		Release|Any CPU = Release|Any CPU
	EndGlobalSection
	GlobalSection(ProjectConfigurationPlatforms) = postSolution
		{0213A268-A1DA-46B3-9EA3-66F033F86F7F}.Debug|Any CPU.ActiveCfg = Debug|Any CPU
		{0213A268-A1DA-46B3-9EA3-66F033F86F7F}.Debug|Any CPU.Build.0 = Debug|Any CPU
		{0213A268-A1DA-46B3-9EA3-66F033F86F7F}.Release|Any CPU.ActiveCfg = Release|Any CPU
		{0213A268-A1DA-46B3-9EA3-66F033F86F7F}.Release|Any CPU.Build.0 = Release|Any CPU
	EndGlobalSection
EndGlobal
