
Microsoft Visual Studio Solution File, Format Version 12.00
# Visual Studio 15
Project("{FAE04EC0-301F-11D3-BF4B-00C04F79EFBC}") = "laba11", "laba11\laba11.csproj", "{1B21556C-FD7F-477B-BA16-A64159474FEB}"
EndProject
Global
	GlobalSection(SolutionConfigurationPlatforms) = preSolution
		Debug|Any CPU = Debug|Any CPU
		Release|Any CPU = Release|Any CPU
	EndGlobalSection
	GlobalSection(ProjectConfigurationPlatforms) = postSolution
		{1B21556C-FD7F-477B-BA16-A64159474FEB}.Debug|Any CPU.ActiveCfg = Debug|Any CPU
		{1B21556C-FD7F-477B-BA16-A64159474FEB}.Debug|Any CPU.Build.0 = Debug|Any CPU
		{1B21556C-FD7F-477B-BA16-A64159474FEB}.Release|Any CPU.ActiveCfg = Release|Any CPU
		{1B21556C-FD7F-477B-BA16-A64159474FEB}.Release|Any CPU.Build.0 = Release|Any CPU
	EndGlobalSection
EndGlobal
